
Microsoft Visual Studio Solution File, Format Version 12.00
# Visual Studio Version 17
VisualStudioVersion = 17.0.31903.59
MinimumVisualStudioVersion = 10.0.40219.1
Project("{2150E333-8FDC-42A3-9474-1A3956D46DE8}") = "Aspire", "Aspire", "{A4C8ACBB-EDD6-46E1-964D-77A3C62AE994}"
EndProject
Project("{FAE04EC0-301F-11D3-BF4B-00C04F79EFBC}") = "RetailPortal.Aspire.AppHost", "Aspire\RetailPortal.Aspire.AppHost\RetailPortal.Aspire.AppHost.csproj", "{EA4EF9F5-7E89-4A54-BCF1-EFFD4CB483CE}"
EndProject
Project("{FAE04EC0-301F-11D3-BF4B-00C04F79EFBC}") = "RetailPortal.Aspire.ServiceDefaults", "Aspire\RetailPortal.Aspire.ServiceDefaults\RetailPortal.Aspire.ServiceDefaults.csproj", "{256AAAEC-71E7-4E3E-91DA-DDF0E5D4BD39}"
EndProject
Project("{2150E333-8FDC-42A3-9474-1A3956D46DE8}") = "Source", "Source", "{A80D8DDB-7677-4BC0-AC06-46B3F9D10B6F}"
EndProject
Project("{2150E333-8FDC-42A3-9474-1A3956D46DE8}") = "Core", "Core", "{30A4BEAE-E1F8-4C78-AEAC-4431F37B1C5A}"
EndProject
Project("{FAE04EC0-301F-11D3-BF4B-00C04F79EFBC}") = "RetailPortal.Application", "Source\Core\RetailPortal.Application\RetailPortal.Application.csproj", "{98C32A48-F573-4374-AA36-0477E5132CB9}"
EndProject
Project("{FAE04EC0-301F-11D3-BF4B-00C04F79EFBC}") = "RetailPortal.Domain", "Source\Core\RetailPortal.Domain\RetailPortal.Domain.csproj", "{BD78CB6E-2147-4A6E-93AF-0566AFE38DAA}"
EndProject
Project("{2150E333-8FDC-42A3-9474-1A3956D46DE8}") = "Infrastructure", "Infrastructure", "{DA144072-9AEF-45A5-B06C-D9CCB2F7217B}"
EndProject
Project("{FAE04EC0-301F-11D3-BF4B-00C04F79EFBC}") = "RetailPortal.Infrastructure", "Source\Infrastructure\RetailPortal.Infrastructure\RetailPortal.Infrastructure.csproj", "{9177463A-8883-4392-A2B8-69888293B9BF}"
EndProject
Project("{2150E333-8FDC-42A3-9474-1A3956D46DE8}") = "Presentation", "Presentation", "{58187A00-B734-430D-935A-A5C9A7466559}"
EndProject
Project("{FAE04EC0-301F-11D3-BF4B-00C04F79EFBC}") = "RetailPortal.Api", "Source\Presentation\RetailPortal.Api\RetailPortal.Api.csproj", "{0F6267B3-5D79-48F0-91ED-918AAD5F7459}"
EndProject
Project("{2150E333-8FDC-42A3-9474-1A3956D46DE8}") = "Shared", "Shared", "{F6D8F610-FDFE-4D04-B1E4-3F2901449430}"
EndProject
Project("{FAE04EC0-301F-11D3-BF4B-00C04F79EFBC}") = "RetailPortal.Shared", "Source\Shared\RetailPortal.Shared\RetailPortal.Shared.csproj", "{3782EB46-DF17-4F4E-BA88-AF04C0B545C5}"
EndProject
Project("{2150E333-8FDC-42A3-9474-1A3956D46DE8}") = "Tests", "Tests", "{6C9B921C-86C0-4AFB-B843-0E4EDA6885AE}"
EndProject
Project("{FAE04EC0-301F-11D3-BF4B-00C04F79EFBC}") = "RetailPortal.Application.UnitTests", "Source\Tests\RetailPortal.Application.UnitTests\RetailPortal.Application.UnitTests.csproj", "{4507EE70-C0CD-48DD-8BE5-2D2C87E81413}"
EndProject
Project("{2150E333-8FDC-42A3-9474-1A3956D46DE8}") = "Workers", "Workers", "{E83FDEDC-E908-46F5-9D67-0E10F55B5E10}"
EndProject
Project("{FAE04EC0-301F-11D3-BF4B-00C04F79EFBC}") = "RetailPortal.MigrationService", "Workers\RetailPortal.MigrationService\RetailPortal.MigrationService.csproj", "{FC51316D-AFEC-4234-91FA-6894A3807A54}"
EndProject
Project("{54A90642-561A-4BB1-A94E-469ADEE60C69}") = "RetailPortal.app", "Source\Presentation\App\RetailPortal.app.esproj", "{D7308560-084D-47A3-8240-4C35AEEAF828}"
EndProject
Project("{2150E333-8FDC-42A3-9474-1A3956D46DE8}") = "Docker", "Docker", "{01939990-33C4-74A6-ACE3-971E0239C05F}"
EndProject
Project("{E53339B2-1760-4266-BCC7-CA923CBCF16C}") = "Docker.docker-compose", "Docker\docker-compose.dcproj", "{9CB4280B-C088-4110-94DC-604FB0A0C279}"
EndProject
Global
	GlobalSection(SolutionConfigurationPlatforms) = preSolution
		Debug|Any CPU = Debug|Any CPU
		Release|Any CPU = Release|Any CPU
	EndGlobalSection
	GlobalSection(SolutionProperties) = preSolution
		HideSolutionNode = FALSE
	EndGlobalSection
	GlobalSection(ProjectConfigurationPlatforms) = postSolution
		{EA4EF9F5-7E89-4A54-BCF1-EFFD4CB483CE}.Debug|Any CPU.ActiveCfg = Debug|Any CPU
		{EA4EF9F5-7E89-4A54-BCF1-EFFD4CB483CE}.Debug|Any CPU.Build.0 = Debug|Any CPU
		{EA4EF9F5-7E89-4A54-BCF1-EFFD4CB483CE}.Release|Any CPU.ActiveCfg = Release|Any CPU
		{EA4EF9F5-7E89-4A54-BCF1-EFFD4CB483CE}.Release|Any CPU.Build.0 = Release|Any CPU
		{256AAAEC-71E7-4E3E-91DA-DDF0E5D4BD39}.Debug|Any CPU.ActiveCfg = Debug|Any CPU
		{256AAAEC-71E7-4E3E-91DA-DDF0E5D4BD39}.Debug|Any CPU.Build.0 = Debug|Any CPU
		{256AAAEC-71E7-4E3E-91DA-DDF0E5D4BD39}.Release|Any CPU.ActiveCfg = Release|Any CPU
		{256AAAEC-71E7-4E3E-91DA-DDF0E5D4BD39}.Release|Any CPU.Build.0 = Release|Any CPU
		{98C32A48-F573-4374-AA36-0477E5132CB9}.Debug|Any CPU.ActiveCfg = Debug|Any CPU
		{98C32A48-F573-4374-AA36-0477E5132CB9}.Debug|Any CPU.Build.0 = Debug|Any CPU
		{98C32A48-F573-4374-AA36-0477E5132CB9}.Release|Any CPU.ActiveCfg = Release|Any CPU
		{98C32A48-F573-4374-AA36-0477E5132CB9}.Release|Any CPU.Build.0 = Release|Any CPU
		{BD78CB6E-2147-4A6E-93AF-0566AFE38DAA}.Debug|Any CPU.ActiveCfg = Debug|Any CPU
		{BD78CB6E-2147-4A6E-93AF-0566AFE38DAA}.Debug|Any CPU.Build.0 = Debug|Any CPU
		{BD78CB6E-2147-4A6E-93AF-0566AFE38DAA}.Release|Any CPU.ActiveCfg = Release|Any CPU
		{BD78CB6E-2147-4A6E-93AF-0566AFE38DAA}.Release|Any CPU.Build.0 = Release|Any CPU
		{9177463A-8883-4392-A2B8-69888293B9BF}.Debug|Any CPU.ActiveCfg = Debug|Any CPU
		{9177463A-8883-4392-A2B8-69888293B9BF}.Debug|Any CPU.Build.0 = Debug|Any CPU
		{9177463A-8883-4392-A2B8-69888293B9BF}.Release|Any CPU.ActiveCfg = Release|Any CPU
		{9177463A-8883-4392-A2B8-69888293B9BF}.Release|Any CPU.Build.0 = Release|Any CPU
		{0F6267B3-5D79-48F0-91ED-918AAD5F7459}.Debug|Any CPU.ActiveCfg = Debug|Any CPU
		{0F6267B3-5D79-48F0-91ED-918AAD5F7459}.Debug|Any CPU.Build.0 = Debug|Any CPU
		{0F6267B3-5D79-48F0-91ED-918AAD5F7459}.Release|Any CPU.ActiveCfg = Release|Any CPU
		{0F6267B3-5D79-48F0-91ED-918AAD5F7459}.Release|Any CPU.Build.0 = Release|Any CPU
		{3782EB46-DF17-4F4E-BA88-AF04C0B545C5}.Debug|Any CPU.ActiveCfg = Debug|Any CPU
		{3782EB46-DF17-4F4E-BA88-AF04C0B545C5}.Debug|Any CPU.Build.0 = Debug|Any CPU
		{3782EB46-DF17-4F4E-BA88-AF04C0B545C5}.Release|Any CPU.ActiveCfg = Release|Any CPU
		{3782EB46-DF17-4F4E-BA88-AF04C0B545C5}.Release|Any CPU.Build.0 = Release|Any CPU
		{4507EE70-C0CD-48DD-8BE5-2D2C87E81413}.Debug|Any CPU.ActiveCfg = Debug|Any CPU
		{4507EE70-C0CD-48DD-8BE5-2D2C87E81413}.Debug|Any CPU.Build.0 = Debug|Any CPU
		{4507EE70-C0CD-48DD-8BE5-2D2C87E81413}.Release|Any CPU.ActiveCfg = Release|Any CPU
		{4507EE70-C0CD-48DD-8BE5-2D2C87E81413}.Release|Any CPU.Build.0 = Release|Any CPU
		{FC51316D-AFEC-4234-91FA-6894A3807A54}.Debug|Any CPU.ActiveCfg = Debug|Any CPU
		{FC51316D-AFEC-4234-91FA-6894A3807A54}.Debug|Any CPU.Build.0 = Debug|Any CPU
		{FC51316D-AFEC-4234-91FA-6894A3807A54}.Release|Any CPU.ActiveCfg = Release|Any CPU
		{FC51316D-AFEC-4234-91FA-6894A3807A54}.Release|Any CPU.Build.0 = Release|Any CPU
		{D7308560-084D-47A3-8240-4C35AEEAF828}.Debug|Any CPU.ActiveCfg = Debug|Any CPU
		{D7308560-084D-47A3-8240-4C35AEEAF828}.Debug|Any CPU.Build.0 = Debug|Any CPU
		{D7308560-084D-47A3-8240-4C35AEEAF828}.Release|Any CPU.ActiveCfg = Release|Any CPU
		{D7308560-084D-47A3-8240-4C35AEEAF828}.Release|Any CPU.Build.0 = Release|Any CPU
		{9CB4280B-C088-4110-94DC-604FB0A0C279}.Debug|Any CPU.ActiveCfg = Debug|Any CPU
								{9CB4280B-C088-4110-94DC-604FB0A0C279}.Debug|Any CPU.Build.0 = Debug|Any CPU
								{9CB4280B-C088-4110-94DC-604FB0A0C279}.Release|Any CPU.ActiveCfg = Release|Any CPU
								{9CB4280B-C088-4110-94DC-604FB0A0C279}.Release|Any CPU.Build.0 = Release|Any CPU
	EndGlobalSection
	GlobalSection(NestedProjects) = preSolution
		{EA4EF9F5-7E89-4A54-BCF1-EFFD4CB483CE} = {A4C8ACBB-EDD6-46E1-964D-77A3C62AE994}
		{256AAAEC-71E7-4E3E-91DA-DDF0E5D4BD39} = {A4C8ACBB-EDD6-46E1-964D-77A3C62AE994}
		{30A4BEAE-E1F8-4C78-AEAC-4431F37B1C5A} = {A80D8DDB-7677-4BC0-AC06-46B3F9D10B6F}
		{98C32A48-F573-4374-AA36-0477E5132CB9} = {30A4BEAE-E1F8-4C78-AEAC-4431F37B1C5A}
		{BD78CB6E-2147-4A6E-93AF-0566AFE38DAA} = {30A4BEAE-E1F8-4C78-AEAC-4431F37B1C5A}
		{DA144072-9AEF-45A5-B06C-D9CCB2F7217B} = {A80D8DDB-7677-4BC0-AC06-46B3F9D10B6F}
		{9177463A-8883-4392-A2B8-69888293B9BF} = {DA144072-9AEF-45A5-B06C-D9CCB2F7217B}
		{58187A00-B734-430D-935A-A5C9A7466559} = {A80D8DDB-7677-4BC0-AC06-46B3F9D10B6F}
		{0F6267B3-5D79-48F0-91ED-918AAD5F7459} = {58187A00-B734-430D-935A-A5C9A7466559}
		{F6D8F610-FDFE-4D04-B1E4-3F2901449430} = {A80D8DDB-7677-4BC0-AC06-46B3F9D10B6F}
		{3782EB46-DF17-4F4E-BA88-AF04C0B545C5} = {F6D8F610-FDFE-4D04-B1E4-3F2901449430}
		{6C9B921C-86C0-4AFB-B843-0E4EDA6885AE} = {A80D8DDB-7677-4BC0-AC06-46B3F9D10B6F}
		{4507EE70-C0CD-48DD-8BE5-2D2C87E81413} = {6C9B921C-86C0-4AFB-B843-0E4EDA6885AE}
		{FC51316D-AFEC-4234-91FA-6894A3807A54} = {E83FDEDC-E908-46F5-9D67-0E10F55B5E10}
		{D7308560-084D-47A3-8240-4C35AEEAF828} = {58187A00-B734-430D-935A-A5C9A7466559}
		{9CB4280B-C088-4110-94DC-604FB0A0C279} = {01939990-33c4-74a6-ace3-971e0239c05f}
	EndGlobalSection
EndGlobal
